// !$*UTF8*$!
{
	archiveVersion = 1;
	classes = {
	};
	objectVersion = 56;
	objects = {

/* Begin PBXBuildFile section */
		AB35CE7B2B14E4B900DD1CF3 /* GoogleService-Info.plist in Resources */ = {isa = PBXBuildFile; fileRef = AB35CE7A2B14E4B900DD1CF3 /* GoogleService-Info.plist */; };
		ABF6BACC2AC5B61200F3AA85 /* AppDelegate.swift in Sources */ = {isa = PBXBuildFile; fileRef = ABF6BACB2AC5B61200F3AA85 /* AppDelegate.swift */; };
		ABF6BACE2AC5B61200F3AA85 /* SceneDelegate.swift in Sources */ = {isa = PBXBuildFile; fileRef = ABF6BACD2AC5B61200F3AA85 /* SceneDelegate.swift */; };
		ABF6BAD02AC5B61200F3AA85 /* ConversationsViewController.swift in Sources */ = {isa = PBXBuildFile; fileRef = ABF6BACF2AC5B61200F3AA85 /* ConversationsViewController.swift */; };
		ABF6BAD32AC5B61200F3AA85 /* Main.storyboard in Resources */ = {isa = PBXBuildFile; fileRef = ABF6BAD12AC5B61200F3AA85 /* Main.storyboard */; };
		ABF6BAD52AC5B61300F3AA85 /* Assets.xcassets in Resources */ = {isa = PBXBuildFile; fileRef = ABF6BAD42AC5B61300F3AA85 /* Assets.xcassets */; };
		ABF6BAD82AC5B61300F3AA85 /* LaunchScreen.storyboard in Resources */ = {isa = PBXBuildFile; fileRef = ABF6BAD62AC5B61300F3AA85 /* LaunchScreen.storyboard */; };
		ABF6BAE62AC5B81A00F3AA85 /* LoginViewController.swift in Sources */ = {isa = PBXBuildFile; fileRef = ABF6BAE52AC5B81A00F3AA85 /* LoginViewController.swift */; };
		ABF6BAE82AC5B82A00F3AA85 /* RegisterViewController.swift in Sources */ = {isa = PBXBuildFile; fileRef = ABF6BAE72AC5B82A00F3AA85 /* RegisterViewController.swift */; };
		ABF6BAEA2AC5B84B00F3AA85 /* PhotoViewerViewController.swift in Sources */ = {isa = PBXBuildFile; fileRef = ABF6BAE92AC5B84B00F3AA85 /* PhotoViewerViewController.swift */; };
		ABF6BAEC2AC5B85600F3AA85 /* VideoPlayerViewController.swift in Sources */ = {isa = PBXBuildFile; fileRef = ABF6BAEB2AC5B85600F3AA85 /* VideoPlayerViewController.swift */; };
		ABF6BAEE2AC5B87900F3AA85 /* NewConversationViewController.swift in Sources */ = {isa = PBXBuildFile; fileRef = ABF6BAED2AC5B87900F3AA85 /* NewConversationViewController.swift */; };
		ABF6BAF02AC5B88B00F3AA85 /* ProfileViewController.swift in Sources */ = {isa = PBXBuildFile; fileRef = ABF6BAEF2AC5B88B00F3AA85 /* ProfileViewController.swift */; };
		ABF6BAF32AC5D8C000F3AA85 /* Extentions.swift in Sources */ = {isa = PBXBuildFile; fileRef = ABF6BAF22AC5D8C000F3AA85 /* Extentions.swift */; };
		F955CD2D6B4C8694DC950798 /* Pods_Massenger.framework in Frameworks */ = {isa = PBXBuildFile; fileRef = 109CE0737DFFD75C057618CF /* Pods_Massenger.framework */; };
/* End PBXBuildFile section */

/* Begin PBXFileReference section */
		109CE0737DFFD75C057618CF /* Pods_Massenger.framework */ = {isa = PBXFileReference; explicitFileType = wrapper.framework; includeInIndex = 0; path = Pods_Massenger.framework; sourceTree = BUILT_PRODUCTS_DIR; };
		393C05E0E31F2CCC6DCFA35A /* Pods-Massenger.release.xcconfig */ = {isa = PBXFileReference; includeInIndex = 1; lastKnownFileType = text.xcconfig; name = "Pods-Massenger.release.xcconfig"; path = "Target Support Files/Pods-Massenger/Pods-Massenger.release.xcconfig"; sourceTree = "<group>"; };
		AB35CE7A2B14E4B900DD1CF3 /* GoogleService-Info.plist */ = {isa = PBXFileReference; fileEncoding = 4; lastKnownFileType = text.plist.xml; name = "GoogleService-Info.plist"; path = "../../../../.Trash/GoogleService-Info.plist"; sourceTree = "<group>"; };
		ABF6BAC82AC5B61200F3AA85 /* Massenger.app */ = {isa = PBXFileReference; explicitFileType = wrapper.application; includeInIndex = 0; path = Massenger.app; sourceTree = BUILT_PRODUCTS_DIR; };
		ABF6BACB2AC5B61200F3AA85 /* AppDelegate.swift */ = {isa = PBXFileReference; lastKnownFileType = sourcecode.swift; path = AppDelegate.swift; sourceTree = "<group>"; };
		ABF6BACD2AC5B61200F3AA85 /* SceneDelegate.swift */ = {isa = PBXFileReference; lastKnownFileType = sourcecode.swift; path = SceneDelegate.swift; sourceTree = "<group>"; };
		ABF6BACF2AC5B61200F3AA85 /* ConversationsViewController.swift */ = {isa = PBXFileReference; lastKnownFileType = sourcecode.swift; path = ConversationsViewController.swift; sourceTree = "<group>"; };
		ABF6BAD22AC5B61200F3AA85 /* Base */ = {isa = PBXFileReference; lastKnownFileType = file.storyboard; name = Base; path = Base.lproj/Main.storyboard; sourceTree = "<group>"; };
		ABF6BAD42AC5B61300F3AA85 /* Assets.xcassets */ = {isa = PBXFileReference; lastKnownFileType = folder.assetcatalog; path = Assets.xcassets; sourceTree = "<group>"; };
		ABF6BAD72AC5B61300F3AA85 /* Base */ = {isa = PBXFileReference; lastKnownFileType = file.storyboard; name = Base; path = Base.lproj/LaunchScreen.storyboard; sourceTree = "<group>"; };
		ABF6BAD92AC5B61300F3AA85 /* Info.plist */ = {isa = PBXFileReference; lastKnownFileType = text.plist.xml; path = Info.plist; sourceTree = "<group>"; };
		ABF6BAE52AC5B81A00F3AA85 /* LoginViewController.swift */ = {isa = PBXFileReference; lastKnownFileType = sourcecode.swift; path = LoginViewController.swift; sourceTree = "<group>"; };
		ABF6BAE72AC5B82A00F3AA85 /* RegisterViewController.swift */ = {isa = PBXFileReference; lastKnownFileType = sourcecode.swift; path = RegisterViewController.swift; sourceTree = "<group>"; };
		ABF6BAE92AC5B84B00F3AA85 /* PhotoViewerViewController.swift */ = {isa = PBXFileReference; lastKnownFileType = sourcecode.swift; path = PhotoViewerViewController.swift; sourceTree = "<group>"; };
		ABF6BAEB2AC5B85600F3AA85 /* VideoPlayerViewController.swift */ = {isa = PBXFileReference; lastKnownFileType = sourcecode.swift; path = VideoPlayerViewController.swift; sourceTree = "<group>"; };
		ABF6BAED2AC5B87900F3AA85 /* NewConversationViewController.swift */ = {isa = PBXFileReference; lastKnownFileType = sourcecode.swift; path = NewConversationViewController.swift; sourceTree = "<group>"; };
		ABF6BAEF2AC5B88B00F3AA85 /* ProfileViewController.swift */ = {isa = PBXFileReference; lastKnownFileType = sourcecode.swift; path = ProfileViewController.swift; sourceTree = "<group>"; };
		ABF6BAF22AC5D8C000F3AA85 /* Extentions.swift */ = {isa = PBXFileReference; lastKnownFileType = sourcecode.swift; path = Extentions.swift; sourceTree = "<group>"; };
		C45481966484CC279D53E793 /* Pods-Massenger.debug.xcconfig */ = {isa = PBXFileReference; includeInIndex = 1; lastKnownFileType = text.xcconfig; name = "Pods-Massenger.debug.xcconfig"; path = "Target Support Files/Pods-Massenger/Pods-Massenger.debug.xcconfig"; sourceTree = "<group>"; };
/* End PBXFileReference section */

/* Begin PBXFrameworksBuildPhase section */
		ABF6BAC52AC5B61200F3AA85 /* Frameworks */ = {
			isa = PBXFrameworksBuildPhase;
			buildActionMask = 2147483647;
			files = (
				F955CD2D6B4C8694DC950798 /* Pods_Massenger.framework in Frameworks */,
			);
			runOnlyForDeploymentPostprocessing = 0;
		};
/* End PBXFrameworksBuildPhase section */

/* Begin PBXGroup section */
		3B4516C960C0AF3D2CA8E05E /* Pods */ = {
			isa = PBXGroup;
			children = (
				C45481966484CC279D53E793 /* Pods-Massenger.debug.xcconfig */,
				393C05E0E31F2CCC6DCFA35A /* Pods-Massenger.release.xcconfig */,
			);
			path = Pods;
			sourceTree = "<group>";
		};
		AB35CE772B14E22000DD1CF3 /* FireBase */ = {
			isa = PBXGroup;
			children = (
				AB35CE7A2B14E4B900DD1CF3 /* GoogleService-Info.plist */,
			);
			path = FireBase;
			sourceTree = "<group>";
		};
		ABF6BABF2AC5B61200F3AA85 = {
			isa = PBXGroup;
			children = (
				ABF6BACA2AC5B61200F3AA85 /* Massenger */,
				ABF6BAC92AC5B61200F3AA85 /* Products */,
				3B4516C960C0AF3D2CA8E05E /* Pods */,
				FB97C6A3668BF3F53573B9CE /* Frameworks */,
			);
			sourceTree = "<group>";
		};
		ABF6BAC92AC5B61200F3AA85 /* Products */ = {
			isa = PBXGroup;
			children = (
				ABF6BAC82AC5B61200F3AA85 /* Massenger.app */,
			);
			name = Products;
			sourceTree = "<group>";
		};
		ABF6BACA2AC5B61200F3AA85 /* Massenger */ = {
			isa = PBXGroup;
			children = (
				AB35CE772B14E22000DD1CF3 /* FireBase */,
				ABF6BAE32AC5B6F700F3AA85 /* Resources */,
				ABF6BAE22AC5B6F000F3AA85 /* ViewModels */,
				ABF6BAE12AC5B6EC00F3AA85 /* Models */,
				ABF6BAE02AC5B6E700F3AA85 /* Views */,
				ABF6BADF2AC5B6DE00F3AA85 /* Controllers */,
				ABF6BAD92AC5B61300F3AA85 /* Info.plist */,
			);
			path = Massenger;
			sourceTree = "<group>";
		};
		ABF6BADF2AC5B6DE00F3AA85 /* Controllers */ = {
			isa = PBXGroup;
			children = (
				ABF6BACF2AC5B61200F3AA85 /* ConversationsViewController.swift */,
				ABF6BAF12AC5B98A00F3AA85 /* LoginRegister */,
				ABF6BAE92AC5B84B00F3AA85 /* PhotoViewerViewController.swift */,
				ABF6BAEB2AC5B85600F3AA85 /* VideoPlayerViewController.swift */,
				ABF6BAED2AC5B87900F3AA85 /* NewConversationViewController.swift */,
				ABF6BAEF2AC5B88B00F3AA85 /* ProfileViewController.swift */,
			);
			path = Controllers;
			sourceTree = "<group>";
		};
		ABF6BAE02AC5B6E700F3AA85 /* Views */ = {
			isa = PBXGroup;
			children = (
				ABF6BAE42AC5B72100F3AA85 /* Storyboard */,
				ABF6BAD42AC5B61300F3AA85 /* Assets.xcassets */,
			);
			path = Views;
			sourceTree = "<group>";
		};
		ABF6BAE12AC5B6EC00F3AA85 /* Models */ = {
			isa = PBXGroup;
			children = (
			);
			path = Models;
			sourceTree = "<group>";
		};
		ABF6BAE22AC5B6F000F3AA85 /* ViewModels */ = {
			isa = PBXGroup;
			children = (
			);
			path = ViewModels;
			sourceTree = "<group>";
		};
		ABF6BAE32AC5B6F700F3AA85 /* Resources */ = {
			isa = PBXGroup;
			children = (
				ABF6BACB2AC5B61200F3AA85 /* AppDelegate.swift */,
				ABF6BACD2AC5B61200F3AA85 /* SceneDelegate.swift */,
				ABF6BAF22AC5D8C000F3AA85 /* Extentions.swift */,
			);
			path = Resources;
			sourceTree = "<group>";
		};
		ABF6BAE42AC5B72100F3AA85 /* Storyboard */ = {
			isa = PBXGroup;
			children = (
				ABF6BAD12AC5B61200F3AA85 /* Main.storyboard */,
				ABF6BAD62AC5B61300F3AA85 /* LaunchScreen.storyboard */,
			);
			path = Storyboard;
			sourceTree = "<group>";
		};
		ABF6BAF12AC5B98A00F3AA85 /* LoginRegister */ = {
			isa = PBXGroup;
			children = (
				ABF6BAE52AC5B81A00F3AA85 /* LoginViewController.swift */,
				ABF6BAE72AC5B82A00F3AA85 /* RegisterViewController.swift */,
			);
			path = LoginRegister;
			sourceTree = "<group>";
		};
		FB97C6A3668BF3F53573B9CE /* Frameworks */ = {
			isa = PBXGroup;
			children = (
				109CE0737DFFD75C057618CF /* Pods_Massenger.framework */,
			);
			name = Frameworks;
			sourceTree = "<group>";
		};
/* End PBXGroup section */

/* Begin PBXNativeTarget section */
		ABF6BAC72AC5B61200F3AA85 /* Massenger */ = {
			isa = PBXNativeTarget;
			buildConfigurationList = ABF6BADC2AC5B61300F3AA85 /* Build configuration list for PBXNativeTarget "Massenger" */;
			buildPhases = (
				1352CC75D166BB6182D4088E /* [CP] Check Pods Manifest.lock */,
				ABF6BAC42AC5B61200F3AA85 /* Sources */,
				ABF6BAC52AC5B61200F3AA85 /* Frameworks */,
				ABF6BAC62AC5B61200F3AA85 /* Resources */,
				8ACA3A6A4C28CCD3007D4B0D /* [CP] Embed Pods Frameworks */,
			);
			buildRules = (
			);
			dependencies = (
			);
			name = Massenger;
			productName = Massenger;
			productReference = ABF6BAC82AC5B61200F3AA85 /* Massenger.app */;
			productType = "com.apple.product-type.application";
		};
/* End PBXNativeTarget section */

/* Begin PBXProject section */
		ABF6BAC02AC5B61200F3AA85 /* Project object */ = {
			isa = PBXProject;
			attributes = {
				BuildIndependentTargetsInParallel = 1;
				LastSwiftUpdateCheck = 1430;
				LastUpgradeCheck = 1430;
				TargetAttributes = {
					ABF6BAC72AC5B61200F3AA85 = {
						CreatedOnToolsVersion = 14.3.1;
					};
				};
			};
			buildConfigurationList = ABF6BAC32AC5B61200F3AA85 /* Build configuration list for PBXProject "Massenger" */;
			compatibilityVersion = "Xcode 14.0";
			developmentRegion = en;
			hasScannedForEncodings = 0;
			knownRegions = (
				en,
				Base,
			);
			mainGroup = ABF6BABF2AC5B61200F3AA85;
			productRefGroup = ABF6BAC92AC5B61200F3AA85 /* Products */;
			projectDirPath = "";
			projectRoot = "";
			targets = (
				ABF6BAC72AC5B61200F3AA85 /* Massenger */,
			);
		};
/* End PBXProject section */

/* Begin PBXResourcesBuildPhase section */
		ABF6BAC62AC5B61200F3AA85 /* Resources */ = {
			isa = PBXResourcesBuildPhase;
			buildActionMask = 2147483647;
			files = (
				ABF6BAD82AC5B61300F3AA85 /* LaunchScreen.storyboard in Resources */,
				AB35CE7B2B14E4B900DD1CF3 /* GoogleService-Info.plist in Resources */,
				ABF6BAD52AC5B61300F3AA85 /* Assets.xcassets in Resources */,
				ABF6BAD32AC5B61200F3AA85 /* Main.storyboard in Resources */,
			);
			runOnlyForDeploymentPostprocessing = 0;
		};
/* End PBXResourcesBuildPhase section */

/* Begin PBXShellScriptBuildPhase section */
		1352CC75D166BB6182D4088E /* [CP] Check Pods Manifest.lock */ = {
			isa = PBXShellScriptBuildPhase;
			buildActionMask = 2147483647;
			files = (
			);
			inputFileListPaths = (
			);
			inputPaths = (
				"${PODS_PODFILE_DIR_PATH}/Podfile.lock",
				"${PODS_ROOT}/Manifest.lock",
			);
			name = "[CP] Check Pods Manifest.lock";
			outputFileListPaths = (
			);
			outputPaths = (
				"$(DERIVED_FILE_DIR)/Pods-Massenger-checkManifestLockResult.txt",
			);
			runOnlyForDeploymentPostprocessing = 0;
			shellPath = /bin/sh;
			shellScript = "diff \"${PODS_PODFILE_DIR_PATH}/Podfile.lock\" \"${PODS_ROOT}/Manifest.lock\" > /dev/null\nif [ $? != 0 ] ; then\n    # print error to STDERR\n    echo \"error: The sandbox is not in sync with the Podfile.lock. Run 'pod install' or update your CocoaPods installation.\" >&2\n    exit 1\nfi\n# This output is used by Xcode 'outputs' to avoid re-running this script phase.\necho \"SUCCESS\" > \"${SCRIPT_OUTPUT_FILE_0}\"\n";
			showEnvVarsInLog = 0;
		};
		8ACA3A6A4C28CCD3007D4B0D /* [CP] Embed Pods Frameworks */ = {
			isa = PBXShellScriptBuildPhase;
			buildActionMask = 2147483647;
			files = (
			);
			inputFileListPaths = (
				"${PODS_ROOT}/Target Support Files/Pods-Massenger/Pods-Massenger-frameworks-${CONFIGURATION}-input-files.xcfilelist",
			);
			name = "[CP] Embed Pods Frameworks";
			outputFileListPaths = (
				"${PODS_ROOT}/Target Support Files/Pods-Massenger/Pods-Massenger-frameworks-${CONFIGURATION}-output-files.xcfilelist",
			);
			runOnlyForDeploymentPostprocessing = 0;
			shellPath = /bin/sh;
			shellScript = "\"${PODS_ROOT}/Target Support Files/Pods-Massenger/Pods-Massenger-frameworks.sh\"\n";
			showEnvVarsInLog = 0;
		};
/* End PBXShellScriptBuildPhase section */

/* Begin PBXSourcesBuildPhase section */
		ABF6BAC42AC5B61200F3AA85 /* Sources */ = {
			isa = PBXSourcesBuildPhase;
			buildActionMask = 2147483647;
			files = (
				ABF6BAE62AC5B81A00F3AA85 /* LoginViewController.swift in Sources */,
				ABF6BAE82AC5B82A00F3AA85 /* RegisterViewController.swift in Sources */,
				ABF6BAF32AC5D8C000F3AA85 /* Extentions.swift in Sources */,
				ABF6BAEE2AC5B87900F3AA85 /* NewConversationViewController.swift in Sources */,
				ABF6BAD02AC5B61200F3AA85 /* ConversationsViewController.swift in Sources */,
				ABF6BAEC2AC5B85600F3AA85 /* VideoPlayerViewController.swift in Sources */,
				ABF6BACC2AC5B61200F3AA85 /* AppDelegate.swift in Sources */,
				ABF6BAF02AC5B88B00F3AA85 /* ProfileViewController.swift in Sources */,
				ABF6BACE2AC5B61200F3AA85 /* SceneDelegate.swift in Sources */,
				ABF6BAEA2AC5B84B00F3AA85 /* PhotoViewerViewController.swift in Sources */,
			);
			runOnlyForDeploymentPostprocessing = 0;
		};
/* End PBXSourcesBuildPhase section */

/* Begin PBXVariantGroup section */
		ABF6BAD12AC5B61200F3AA85 /* Main.storyboard */ = {
			isa = PBXVariantGroup;
			children = (
				ABF6BAD22AC5B61200F3AA85 /* Base */,
			);
			name = Main.storyboard;
			sourceTree = "<group>";
		};
		ABF6BAD62AC5B61300F3AA85 /* LaunchScreen.storyboard */ = {
			isa = PBXVariantGroup;
			children = (
				ABF6BAD72AC5B61300F3AA85 /* Base */,
			);
			name = LaunchScreen.storyboard;
			sourceTree = "<group>";
		};
/* End PBXVariantGroup section */

/* Begin XCBuildConfiguration section */
		ABF6BADA2AC5B61300F3AA85 /* Debug */ = {
			isa = XCBuildConfiguration;
			buildSettings = {
				ALWAYS_SEARCH_USER_PATHS = NO;
				CLANG_ANALYZER_NONNULL = YES;
				CLANG_ANALYZER_NUMBER_OBJECT_CONVERSION = YES_AGGRESSIVE;
				CLANG_CXX_LANGUAGE_STANDARD = "gnu++20";
				CLANG_ENABLE_MODULES = YES;
				CLANG_ENABLE_OBJC_ARC = YES;
				CLANG_ENABLE_OBJC_WEAK = YES;
				CLANG_WARN_BLOCK_CAPTURE_AUTORELEASING = YES;
				CLANG_WARN_BOOL_CONVERSION = YES;
				CLANG_WARN_COMMA = YES;
				CLANG_WARN_CONSTANT_CONVERSION = YES;
				CLANG_WARN_DEPRECATED_OBJC_IMPLEMENTATIONS = YES;
				CLANG_WARN_DIRECT_OBJC_ISA_USAGE = YES_ERROR;
				CLANG_WARN_DOCUMENTATION_COMMENTS = YES;
				CLANG_WARN_EMPTY_BODY = YES;
				CLANG_WARN_ENUM_CONVERSION = YES;
				CLANG_WARN_INFINITE_RECURSION = YES;
				CLANG_WARN_INT_CONVERSION = YES;
				CLANG_WARN_NON_LITERAL_NULL_CONVERSION = YES;
				CLANG_WARN_OBJC_IMPLICIT_RETAIN_SELF = YES;
				CLANG_WARN_OBJC_LITERAL_CONVERSION = YES;
				CLANG_WARN_OBJC_ROOT_CLASS = YES_ERROR;
				CLANG_WARN_QUOTED_INCLUDE_IN_FRAMEWORK_HEADER = YES;
				CLANG_WARN_RANGE_LOOP_ANALYSIS = YES;
				CLANG_WARN_STRICT_PROTOTYPES = YES;
				CLANG_WARN_SUSPICIOUS_MOVE = YES;
				CLANG_WARN_UNGUARDED_AVAILABILITY = YES_AGGRESSIVE;
				CLANG_WARN_UNREACHABLE_CODE = YES;
				CLANG_WARN__DUPLICATE_METHOD_MATCH = YES;
				COPY_PHASE_STRIP = NO;
				DEBUG_INFORMATION_FORMAT = dwarf;
				ENABLE_STRICT_OBJC_MSGSEND = YES;
				ENABLE_TESTABILITY = YES;
				GCC_C_LANGUAGE_STANDARD = gnu11;
				GCC_DYNAMIC_NO_PIC = NO;
				GCC_NO_COMMON_BLOCKS = YES;
				GCC_OPTIMIZATION_LEVEL = 0;
				GCC_PREPROCESSOR_DEFINITIONS = (
					"DEBUG=1",
					"$(inherited)",
				);
				GCC_WARN_64_TO_32_BIT_CONVERSION = YES;
				GCC_WARN_ABOUT_RETURN_TYPE = YES_ERROR;
				GCC_WARN_UNDECLARED_SELECTOR = YES;
				GCC_WARN_UNINITIALIZED_AUTOS = YES_AGGRESSIVE;
				GCC_WARN_UNUSED_FUNCTION = YES;
				GCC_WARN_UNUSED_VARIABLE = YES;
				IPHONEOS_DEPLOYMENT_TARGET = 16.4;
				MTL_ENABLE_DEBUG_INFO = INCLUDE_SOURCE;
				MTL_FAST_MATH = YES;
				ONLY_ACTIVE_ARCH = YES;
				SDKROOT = iphoneos;
				SWIFT_ACTIVE_COMPILATION_CONDITIONS = DEBUG;
				SWIFT_OPTIMIZATION_LEVEL = "-Onone";
			};
			name = Debug;
		};
		ABF6BADB2AC5B61300F3AA85 /* Release */ = {
			isa = XCBuildConfiguration;
			buildSettings = {
				ALWAYS_SEARCH_USER_PATHS = NO;
				CLANG_ANALYZER_NONNULL = YES;
				CLANG_ANALYZER_NUMBER_OBJECT_CONVERSION = YES_AGGRESSIVE;
				CLANG_CXX_LANGUAGE_STANDARD = "gnu++20";
				CLANG_ENABLE_MODULES = YES;
				CLANG_ENABLE_OBJC_ARC = YES;
				CLANG_ENABLE_OBJC_WEAK = YES;
				CLANG_WARN_BLOCK_CAPTURE_AUTORELEASING = YES;
				CLANG_WARN_BOOL_CONVERSION = YES;
				CLANG_WARN_COMMA = YES;
				CLANG_WARN_CONSTANT_CONVERSION = YES;
				CLANG_WARN_DEPRECATED_OBJC_IMPLEMENTATIONS = YES;
				CLANG_WARN_DIRECT_OBJC_ISA_USAGE = YES_ERROR;
				CLANG_WARN_DOCUMENTATION_COMMENTS = YES;
				CLANG_WARN_EMPTY_BODY = YES;
				CLANG_WARN_ENUM_CONVERSION = YES;
				CLANG_WARN_INFINITE_RECURSION = YES;
				CLANG_WARN_INT_CONVERSION = YES;
				CLANG_WARN_NON_LITERAL_NULL_CONVERSION = YES;
				CLANG_WARN_OBJC_IMPLICIT_RETAIN_SELF = YES;
				CLANG_WARN_OBJC_LITERAL_CONVERSION = YES;
				CLANG_WARN_OBJC_ROOT_CLASS = YES_ERROR;
				CLANG_WARN_QUOTED_INCLUDE_IN_FRAMEWORK_HEADER = YES;
				CLANG_WARN_RANGE_LOOP_ANALYSIS = YES;
				CLANG_WARN_STRICT_PROTOTYPES = YES;
				CLANG_WARN_SUSPICIOUS_MOVE = YES;
				CLANG_WARN_UNGUARDED_AVAILABILITY = YES_AGGRESSIVE;
				CLANG_WARN_UNREACHABLE_CODE = YES;
				CLANG_WARN__DUPLICATE_METHOD_MATCH = YES;
				COPY_PHASE_STRIP = NO;
				DEBUG_INFORMATION_FORMAT = "dwarf-with-dsym";
				ENABLE_NS_ASSERTIONS = NO;
				ENABLE_STRICT_OBJC_MSGSEND = YES;
				GCC_C_LANGUAGE_STANDARD = gnu11;
				GCC_NO_COMMON_BLOCKS = YES;
				GCC_WARN_64_TO_32_BIT_CONVERSION = YES;
				GCC_WARN_ABOUT_RETURN_TYPE = YES_ERROR;
				GCC_WARN_UNDECLARED_SELECTOR = YES;
				GCC_WARN_UNINITIALIZED_AUTOS = YES_AGGRESSIVE;
				GCC_WARN_UNUSED_FUNCTION = YES;
				GCC_WARN_UNUSED_VARIABLE = YES;
				IPHONEOS_DEPLOYMENT_TARGET = 16.4;
				MTL_ENABLE_DEBUG_INFO = NO;
				MTL_FAST_MATH = YES;
				SDKROOT = iphoneos;
				SWIFT_COMPILATION_MODE = wholemodule;
				SWIFT_OPTIMIZATION_LEVEL = "-O";
				VALIDATE_PRODUCT = YES;
			};
			name = Release;
		};
		ABF6BADD2AC5B61300F3AA85 /* Debug */ = {
			isa = XCBuildConfiguration;
			baseConfigurationReference = C45481966484CC279D53E793 /* Pods-Massenger.debug.xcconfig */;
			buildSettings = {
				ASSETCATALOG_COMPILER_APPICON_NAME = AppIcon;
				ASSETCATALOG_COMPILER_GLOBAL_ACCENT_COLOR_NAME = AccentColor;
				CODE_SIGN_STYLE = Automatic;
				CURRENT_PROJECT_VERSION = 1;
				DEVELOPMENT_TEAM = 8Q85SCK76S;
				GENERATE_INFOPLIST_FILE = YES;
				INFOPLIST_FILE = Massenger/Info.plist;
				INFOPLIST_KEY_UIApplicationSupportsIndirectInputEvents = YES;
				INFOPLIST_KEY_UILaunchStoryboardName = LaunchScreen;
				INFOPLIST_KEY_UIMainStoryboardFile = Main;
				INFOPLIST_KEY_UISupportedInterfaceOrientations_iPad = "UIInterfaceOrientationPortrait UIInterfaceOrientationPortraitUpsideDown UIInterfaceOrientationLandscapeLeft UIInterfaceOrientationLandscapeRight";
				INFOPLIST_KEY_UISupportedInterfaceOrientations_iPhone = "UIInterfaceOrientationPortrait UIInterfaceOrientationLandscapeLeft UIInterfaceOrientationLandscapeRight";
				LD_RUNPATH_SEARCH_PATHS = (
					"$(inherited)",
					"@executable_path/Frameworks",
				);
				MARKETING_VERSION = 1.0;
				PRODUCT_BUNDLE_IDENTIFIER = com.rajat.Massenger;
				PRODUCT_NAME = "$(TARGET_NAME)";
				SWIFT_EMIT_LOC_STRINGS = YES;
				SWIFT_VERSION = 5.0;
				TARGETED_DEVICE_FAMILY = "1,2";
			};
			name = Debug;
		};
		ABF6BADE2AC5B61300F3AA85 /* Release */ = {
			isa = XCBuildConfiguration;
			baseConfigurationReference = 393C05E0E31F2CCC6DCFA35A /* Pods-Massenger.release.xcconfig */;
			buildSettings = {
				ASSETCATALOG_COMPILER_APPICON_NAME = AppIcon;
				ASSETCATALOG_COMPILER_GLOBAL_ACCENT_COLOR_NAME = AccentColor;
				CODE_SIGN_STYLE = Automatic;
				CURRENT_PROJECT_VERSION = 1;
				DEVELOPMENT_TEAM = 8Q85SCK76S;
				GENERATE_INFOPLIST_FILE = YES;
				INFOPLIST_FILE = Massenger/Info.plist;
				INFOPLIST_KEY_UIApplicationSupportsIndirectInputEvents = YES;
				INFOPLIST_KEY_UILaunchStoryboardName = LaunchScreen;
				INFOPLIST_KEY_UIMainStoryboardFile = Main;
				INFOPLIST_KEY_UISupportedInterfaceOrientations_iPad = "UIInterfaceOrientationPortrait UIInterfaceOrientationPortraitUpsideDown UIInterfaceOrientationLandscapeLeft UIInterfaceOrientationLandscapeRight";
				INFOPLIST_KEY_UISupportedInterfaceOrientations_iPhone = "UIInterfaceOrientationPortrait UIInterfaceOrientationLandscapeLeft UIInterfaceOrientationLandscapeRight";
				LD_RUNPATH_SEARCH_PATHS = (
					"$(inherited)",
					"@executable_path/Frameworks",
				);
				MARKETING_VERSION = 1.0;
				PRODUCT_BUNDLE_IDENTIFIER = com.rajat.Massenger;
				PRODUCT_NAME = "$(TARGET_NAME)";
				SWIFT_EMIT_LOC_STRINGS = YES;
				SWIFT_VERSION = 5.0;
				TARGETED_DEVICE_FAMILY = "1,2";
			};
			name = Release;
		};
/* End XCBuildConfiguration section */

/* Begin XCConfigurationList section */
		ABF6BAC32AC5B61200F3AA85 /* Build configuration list for PBXProject "Massenger" */ = {
			isa = XCConfigurationList;
			buildConfigurations = (
				ABF6BADA2AC5B61300F3AA85 /* Debug */,
				ABF6BADB2AC5B61300F3AA85 /* Release */,
			);
			defaultConfigurationIsVisible = 0;
			defaultConfigurationName = Release;
		};
		ABF6BADC2AC5B61300F3AA85 /* Build configuration list for PBXNativeTarget "Massenger" */ = {
			isa = XCConfigurationList;
			buildConfigurations = (
				ABF6BADD2AC5B61300F3AA85 /* Debug */,
				ABF6BADE2AC5B61300F3AA85 /* Release */,
			);
			defaultConfigurationIsVisible = 0;
			defaultConfigurationName = Release;
		};
/* End XCConfigurationList section */
	};
	rootObject = ABF6BAC02AC5B61200F3AA85 /* Project object */;
}
